
Microsoft Visual Studio Solution File, Format Version 12.00
# Visual Studio Version 17
VisualStudioVersion = 17.14.37531.7 d17.14
MinimumVisualStudioVersion = 10.0.40219.1
Project("{FAE04EC0-301F-11D3-BF4B-00C04F79EFBC}") = "FirstLook", "FirstLook\FirstLook.csproj", "{994095EF-7F73-4D1A-BBA8-5F3881A683FA}"
EndProject
Global
	GlobalSection(SolutionConfigurationPlatforms) = preSolution
		Debug|Any CPU = Debug|Any CPU
		Release|Any CPU = Release|Any CPU
	EndGlobalSection
	GlobalSection(ProjectConfigurationPlatforms) = postSolution
		{994095EF-7F73-4D1A-BBA8-5F3881A683FA}.Debug|Any CPU.ActiveCfg = Debug|Any CPU
		{994095EF-7F73-4D1A-BBA8-5F3881A683FA}.Debug|Any CPU.Build.0 = Debug|Any CPU
		{994095EF-7F73-4D1A-BBA8-5F3881A683FA}.Release|Any CPU.ActiveCfg = Release|Any CPU
		{994095EF-7F73-4D1A-BBA8-5F3881A683FA}.Release|Any CPU.Build.0 = Release|Any CPU
	EndGlobalSection
	GlobalSection(SolutionProperties) = preSolution
		HideSolutionNode = FALSE
	EndGlobalSection
	GlobalSection(ExtensibilityGlobals) = postSolution
		SolutionGuid = {C1D011B6-022A-48AB-BB15-DB1432DE63A4}
	EndGlobalSection
EndGlobal
