
Microsoft Visual Studio Solution File, Format Version 12.00
# Visual Studio Version 17
VisualStudioVersion = 17.14.37531.7 d17.14
MinimumVisualStudioVersion = 10.0.40219.1
Project("{FAE04EC0-301F-11D3-BF4B-00C04F79EFBC}") = "Test_App", "Test_App\Test_App.csproj", "{3506CB90-7C0E-457C-BC5B-23B69B210845}"
EndProject
Global
	GlobalSection(SolutionConfigurationPlatforms) = preSolution
		Debug|Any CPU = Debug|Any CPU
		Release|Any CPU = Release|Any CPU
	EndGlobalSection
	GlobalSection(ProjectConfigurationPlatforms) = postSolution
		{3506CB90-7C0E-457C-BC5B-23B69B210845}.Debug|Any CPU.ActiveCfg = Debug|Any CPU
		{3506CB90-7C0E-457C-BC5B-23B69B210845}.Debug|Any CPU.Build.0 = Debug|Any CPU
		{3506CB90-7C0E-457C-BC5B-23B69B210845}.Release|Any CPU.ActiveCfg = Release|Any CPU
		{3506CB90-7C0E-457C-BC5B-23B69B210845}.Release|Any CPU.Build.0 = Release|Any CPU
	EndGlobalSection
	GlobalSection(SolutionProperties) = preSolution
		HideSolutionNode = FALSE
	EndGlobalSection
	GlobalSection(ExtensibilityGlobals) = postSolution
		SolutionGuid = {8D811735-0423-40AE-985F-9F1E3CA5AEEA}
	EndGlobalSection
EndGlobal
